// !$*UTF8*$!
{
	archiveVersion = 1;
	classes = {
	};
	objectVersion = 50;
	objects = {

/* Begin PBXBuildFile section */
		BF1FF04724E403740062FA6D /* Item.swift in Sources */ = {isa = PBXBuildFile; fileRef = BF1FF04624E403740062FA6D /* Item.swift */; };
		BFDB7F7724E2C1F300233FFB /* AppDelegate.swift in Sources */ = {isa = PBXBuildFile; fileRef = BFDB7F7624E2C1F300233FFB /* AppDelegate.swift */; };
		BFDB7F7924E2C1F300233FFB /* SceneDelegate.swift in Sources */ = {isa = PBXBuildFile; fileRef = BFDB7F7824E2C1F300233FFB /* SceneDelegate.swift */; };
		BFDB7F7B24E2C1F300233FFB /* TodoListViewController.swift in Sources */ = {isa = PBXBuildFile; fileRef = BFDB7F7A24E2C1F300233FFB /* TodoListViewController.swift */; };
		BFDB7F7E24E2C1F300233FFB /* Main.storyboard in Resources */ = {isa = PBXBuildFile; fileRef = BFDB7F7C24E2C1F300233FFB /* Main.storyboard */; };
		BFDB7F8024E2C1F400233FFB /* Assets.xcassets in Resources */ = {isa = PBXBuildFile; fileRef = BFDB7F7F24E2C1F400233FFB /* Assets.xcassets */; };
		BFDB7F8324E2C1F400233FFB /* LaunchScreen.storyboard in Resources */ = {isa = PBXBuildFile; fileRef = BFDB7F8124E2C1F400233FFB /* LaunchScreen.storyboard */; };
/* End PBXBuildFile section */

/* Begin PBXFileReference section */
		BF1FF04624E403740062FA6D /* Item.swift */ = {isa = PBXFileReference; lastKnownFileType = sourcecode.swift; path = Item.swift; sourceTree = "<group>"; };
		BFDB7F7324E2C1F300233FFB /* ToDoey.app */ = {isa = PBXFileReference; explicitFileType = wrapper.application; includeInIndex = 0; path = ToDoey.app; sourceTree = BUILT_PRODUCTS_DIR; };
		BFDB7F7624E2C1F300233FFB /* AppDelegate.swift */ = {isa = PBXFileReference; lastKnownFileType = sourcecode.swift; path = AppDelegate.swift; sourceTree = "<group>"; };
		BFDB7F7824E2C1F300233FFB /* SceneDelegate.swift */ = {isa = PBXFileReference; lastKnownFileType = sourcecode.swift; path = SceneDelegate.swift; sourceTree = "<group>"; };
		BFDB7F7A24E2C1F300233FFB /* TodoListViewController.swift */ = {isa = PBXFileReference; lastKnownFileType = sourcecode.swift; path = TodoListViewController.swift; sourceTree = "<group>"; };
		BFDB7F7D24E2C1F300233FFB /* Base */ = {isa = PBXFileReference; lastKnownFileType = file.storyboard; name = Base; path = Base.lproj/Main.storyboard; sourceTree = "<group>"; };
		BFDB7F7F24E2C1F400233FFB /* Assets.xcassets */ = {isa = PBXFileReference; lastKnownFileType = folder.assetcatalog; path = Assets.xcassets; sourceTree = "<group>"; };
		BFDB7F8224E2C1F400233FFB /* Base */ = {isa = PBXFileReference; lastKnownFileType = file.storyboard; name = Base; path = Base.lproj/LaunchScreen.storyboard; sourceTree = "<group>"; };
		BFDB7F8424E2C1F400233FFB /* Info.plist */ = {isa = PBXFileReference; lastKnownFileType = text.plist.xml; path = Info.plist; sourceTree = "<group>"; };
/* End PBXFileReference section */

/* Begin PBXFrameworksBuildPhase section */
		BFDB7F7024E2C1F300233FFB /* Frameworks */ = {
			isa = PBXFrameworksBuildPhase;
			buildActionMask = 2147483647;
			files = (
			);
			runOnlyForDeploymentPostprocessing = 0;
		};
/* End PBXFrameworksBuildPhase section */

/* Begin PBXGroup section */
		BF1FF04524E403590062FA6D /* Models */ = {
			isa = PBXGroup;
			children = (
				BF1FF04624E403740062FA6D /* Item.swift */,
			);
			path = Models;
			sourceTree = "<group>";
		};
		BF1FF04824E403C10062FA6D /* Controller */ = {
			isa = PBXGroup;
			children = (
				BFDB7F7A24E2C1F300233FFB /* TodoListViewController.swift */,
			);
			path = Controller;
			sourceTree = "<group>";
		};
		BFDB7F6A24E2C1F300233FFB = {
			isa = PBXGroup;
			children = (
				BFDB7F7524E2C1F300233FFB /* ToDoey */,
				BFDB7F7424E2C1F300233FFB /* Products */,
			);
			sourceTree = "<group>";
		};
		BFDB7F7424E2C1F300233FFB /* Products */ = {
			isa = PBXGroup;
			children = (
				BFDB7F7324E2C1F300233FFB /* ToDoey.app */,
			);
			name = Products;
			sourceTree = "<group>";
		};
		BFDB7F7524E2C1F300233FFB /* ToDoey */ = {
			isa = PBXGroup;
			children = (
				BFDB7F7624E2C1F300233FFB /* AppDelegate.swift */,
				BFDB7F7824E2C1F300233FFB /* SceneDelegate.swift */,
				BF1FF04524E403590062FA6D /* Models */,
				BFDB7F8A24E2C7E800233FFB /* Views */,
				BF1FF04824E403C10062FA6D /* Controller */,
				BFDB7F7F24E2C1F400233FFB /* Assets.xcassets */,
				BFDB7F8124E2C1F400233FFB /* LaunchScreen.storyboard */,
				BFDB7F8424E2C1F400233FFB /* Info.plist */,
			);
			path = ToDoey;
			sourceTree = "<group>";
		};
		BFDB7F8A24E2C7E800233FFB /* Views */ = {
			isa = PBXGroup;
			children = (
				BFDB7F7C24E2C1F300233FFB /* Main.storyboard */,
			);
			path = Views;
			sourceTree = "<group>";
		};
/* End PBXGroup section */

/* Begin PBXNativeTarget section */
		BFDB7F7224E2C1F300233FFB /* ToDoey */ = {
			isa = PBXNativeTarget;
			buildConfigurationList = BFDB7F8724E2C1F400233FFB /* Build configuration list for PBXNativeTarget "ToDoey" */;
			buildPhases = (
				BFDB7F6F24E2C1F300233FFB /* Sources */,
				BFDB7F7024E2C1F300233FFB /* Frameworks */,
				BFDB7F7124E2C1F300233FFB /* Resources */,
			);
			buildRules = (
			);
			dependencies = (
			);
			name = ToDoey;
			productName = ToDoey;
			productReference = BFDB7F7324E2C1F300233FFB /* ToDoey.app */;
			productType = "com.apple.product-type.application";
		};
/* End PBXNativeTarget section */

/* Begin PBXProject section */
		BFDB7F6B24E2C1F300233FFB /* Project object */ = {
			isa = PBXProject;
			attributes = {
				LastSwiftUpdateCheck = 1160;
				LastUpgradeCheck = 1160;
				ORGANIZATIONNAME = nguyenduchuy;
				TargetAttributes = {
					BFDB7F7224E2C1F300233FFB = {
						CreatedOnToolsVersion = 11.6;
					};
				};
			};
			buildConfigurationList = BFDB7F6E24E2C1F300233FFB /* Build configuration list for PBXProject "ToDoey" */;
			compatibilityVersion = "Xcode 9.3";
			developmentRegion = en;
			hasScannedForEncodings = 0;
			knownRegions = (
				en,
				Base,
			);
			mainGroup = BFDB7F6A24E2C1F300233FFB;
			productRefGroup = BFDB7F7424E2C1F300233FFB /* Products */;
			projectDirPath = "";
			projectRoot = "";
			targets = (
				BFDB7F7224E2C1F300233FFB /* ToDoey */,
			);
		};
/* End PBXProject section */

/* Begin PBXResourcesBuildPhase section */
		BFDB7F7124E2C1F300233FFB /* Resources */ = {
			isa = PBXResourcesBuildPhase;
			buildActionMask = 2147483647;
			files = (
				BFDB7F8324E2C1F400233FFB /* LaunchScreen.storyboard in Resources */,
				BFDB7F8024E2C1F400233FFB /* Assets.xcassets in Resources */,
				BFDB7F7E24E2C1F300233FFB /* Main.storyboard in Resources */,
			);
			runOnlyForDeploymentPostprocessing = 0;
		};
/* End PBXResourcesBuildPhase section */

/* Begin PBXSourcesBuildPhase section */
		BFDB7F6F24E2C1F300233FFB /* Sources */ = {
			isa = PBXSourcesBuildPhase;
			buildActionMask = 2147483647;
			files = (
				BF1FF04724E403740062FA6D /* Item.swift in Sources */,
				BFDB7F7B24E2C1F300233FFB /* TodoListViewController.swift in Sources */,
				BFDB7F7724E2C1F300233FFB /* AppDelegate.swift in Sources */,
				BFDB7F7924E2C1F300233FFB /* SceneDelegate.swift in Sources */,
			);
			runOnlyForDeploymentPostprocessing = 0;
		};
/* End PBXSourcesBuildPhase section */

/* Begin PBXVariantGroup section */
		BFDB7F7C24E2C1F300233FFB /* Main.storyboard */ = {
			isa = PBXVariantGroup;
			children = (
				BFDB7F7D24E2C1F300233FFB /* Base */,
			);
			name = Main.storyboard;
			sourceTree = "<group>";
		};
		BFDB7F8124E2C1F400233FFB /* LaunchScreen.storyboard */ = {
			isa = PBXVariantGroup;
			children = (
				BFDB7F8224E2C1F400233FFB /* Base */,
			);
			name = LaunchScreen.storyboard;
			sourceTree = "<group>";
		};
/* End PBXVariantGroup section */

/* Begin XCBuildConfiguration section */
		BFDB7F8524E2C1F400233FFB /* Debug */ = {
			isa = XCBuildConfiguration;
			buildSettings = {
				ALWAYS_SEARCH_USER_PATHS = NO;
				CLANG_ANALYZER_NONNULL = YES;
				CLANG_ANALYZER_NUMBER_OBJECT_CONVERSION = YES_AGGRESSIVE;
				CLANG_CXX_LANGUAGE_STANDARD = "gnu++14";
				CLANG_CXX_LIBRARY = "libc++";
				CLANG_ENABLE_MODULES = YES;
				CLANG_ENABLE_OBJC_ARC = YES;
				CLANG_ENABLE_OBJC_WEAK = YES;
				CLANG_WARN_BLOCK_CAPTURE_AUTORELEASING = YES;
				CLANG_WARN_BOOL_CONVERSION = YES;
				CLANG_WARN_COMMA = YES;
				CLANG_WARN_CONSTANT_CONVERSION = YES;
				CLANG_WARN_DEPRECATED_OBJC_IMPLEMENTATIONS = YES;
				CLANG_WARN_DIRECT_OBJC_ISA_USAGE = YES_ERROR;
				CLANG_WARN_DOCUMENTATION_COMMENTS = YES;
				CLANG_WARN_EMPTY_BODY = YES;
				CLANG_WARN_ENUM_CONVERSION = YES;
				CLANG_WARN_INFINITE_RECURSION = YES;
				CLANG_WARN_INT_CONVERSION = YES;
				CLANG_WARN_NON_LITERAL_NULL_CONVERSION = YES;
				CLANG_WARN_OBJC_IMPLICIT_RETAIN_SELF = YES;
				CLANG_WARN_OBJC_LITERAL_CONVERSION = YES;
				CLANG_WARN_OBJC_ROOT_CLASS = YES_ERROR;
				CLANG_WARN_RANGE_LOOP_ANALYSIS = YES;
				CLANG_WARN_STRICT_PROTOTYPES = YES;
				CLANG_WARN_SUSPICIOUS_MOVE = YES;
				CLANG_WARN_UNGUARDED_AVAILABILITY = YES_AGGRESSIVE;
				CLANG_WARN_UNREACHABLE_CODE = YES;
				CLANG_WARN__DUPLICATE_METHOD_MATCH = YES;
				COPY_PHASE_STRIP = NO;
				DEBUG_INFORMATION_FORMAT = dwarf;
				ENABLE_STRICT_OBJC_MSGSEND = YES;
				ENABLE_TESTABILITY = YES;
				GCC_C_LANGUAGE_STANDARD = gnu11;
				GCC_DYNAMIC_NO_PIC = NO;
				GCC_NO_COMMON_BLOCKS = YES;
				GCC_OPTIMIZATION_LEVEL = 0;
				GCC_PREPROCESSOR_DEFINITIONS = (
					"DEBUG=1",
					"$(inherited)",
				);
				GCC_WARN_64_TO_32_BIT_CONVERSION = YES;
				GCC_WARN_ABOUT_RETURN_TYPE = YES_ERROR;
				GCC_WARN_UNDECLARED_SELECTOR = YES;
				GCC_WARN_UNINITIALIZED_AUTOS = YES_AGGRESSIVE;
				GCC_WARN_UNUSED_FUNCTION = YES;
				GCC_WARN_UNUSED_VARIABLE = YES;
				IPHONEOS_DEPLOYMENT_TARGET = 13.6;
				MTL_ENABLE_DEBUG_INFO = INCLUDE_SOURCE;
				MTL_FAST_MATH = YES;
				ONLY_ACTIVE_ARCH = YES;
				SDKROOT = iphoneos;
				SWIFT_ACTIVE_COMPILATION_CONDITIONS = DEBUG;
				SWIFT_OPTIMIZATION_LEVEL = "-Onone";
			};
			name = Debug;
		};
		BFDB7F8624E2C1F400233FFB /* Release */ = {
			isa = XCBuildConfiguration;
			buildSettings = {
				ALWAYS_SEARCH_USER_PATHS = NO;
				CLANG_ANALYZER_NONNULL = YES;
				CLANG_ANALYZER_NUMBER_OBJECT_CONVERSION = YES_AGGRESSIVE;
				CLANG_CXX_LANGUAGE_STANDARD = "gnu++14";
				CLANG_CXX_LIBRARY = "libc++";
				CLANG_ENABLE_MODULES = YES;
				CLANG_ENABLE_OBJC_ARC = YES;
				CLANG_ENABLE_OBJC_WEAK = YES;
				CLANG_WARN_BLOCK_CAPTURE_AUTORELEASING = YES;
				CLANG_WARN_BOOL_CONVERSION = YES;
				CLANG_WARN_COMMA = YES;
				CLANG_WARN_CONSTANT_CONVERSION = YES;
				CLANG_WARN_DEPRECATED_OBJC_IMPLEMENTATIONS = YES;
				CLANG_WARN_DIRECT_OBJC_ISA_USAGE = YES_ERROR;
				CLANG_WARN_DOCUMENTATION_COMMENTS = YES;
				CLANG_WARN_EMPTY_BODY = YES;
				CLANG_WARN_ENUM_CONVERSION = YES;
				CLANG_WARN_INFINITE_RECURSION = YES;
				CLANG_WARN_INT_CONVERSION = YES;
				CLANG_WARN_NON_LITERAL_NULL_CONVERSION = YES;
				CLANG_WARN_OBJC_IMPLICIT_RETAIN_SELF = YES;
				CLANG_WARN_OBJC_LITERAL_CONVERSION = YES;
				CLANG_WARN_OBJC_ROOT_CLASS = YES_ERROR;
				CLANG_WARN_RANGE_LOOP_ANALYSIS = YES;
				CLANG_WARN_STRICT_PROTOTYPES = YES;
				CLANG_WARN_SUSPICIOUS_MOVE = YES;
				CLANG_WARN_UNGUARDED_AVAILABILITY = YES_AGGRESSIVE;
				CLANG_WARN_UNREACHABLE_CODE = YES;
				CLANG_WARN__DUPLICATE_METHOD_MATCH = YES;
				COPY_PHASE_STRIP = NO;
				DEBUG_INFORMATION_FORMAT = "dwarf-with-dsym";
				ENABLE_NS_ASSERTIONS = NO;
				ENABLE_STRICT_OBJC_MSGSEND = YES;
				GCC_C_LANGUAGE_STANDARD = gnu11;
				GCC_NO_COMMON_BLOCKS = YES;
				GCC_WARN_64_TO_32_BIT_CONVERSION = YES;
				GCC_WARN_ABOUT_RETURN_TYPE = YES_ERROR;
				GCC_WARN_UNDECLARED_SELECTOR = YES;
				GCC_WARN_UNINITIALIZED_AUTOS = YES_AGGRESSIVE;
				GCC_WARN_UNUSED_FUNCTION = YES;
				GCC_WARN_UNUSED_VARIABLE = YES;
				IPHONEOS_DEPLOYMENT_TARGET = 13.6;
				MTL_ENABLE_DEBUG_INFO = NO;
				MTL_FAST_MATH = YES;
				SDKROOT = iphoneos;
				SWIFT_COMPILATION_MODE = wholemodule;
				SWIFT_OPTIMIZATION_LEVEL = "-O";
				VALIDATE_PRODUCT = YES;
			};
			name = Release;
		};
		BFDB7F8824E2C1F400233FFB /* Debug */ = {
			isa = XCBuildConfiguration;
			buildSettings = {
				ASSETCATALOG_COMPILER_APPICON_NAME = AppIcon;
				CODE_SIGN_STYLE = Automatic;
				DEVELOPMENT_TEAM = 3T378Z6AC6;
				INFOPLIST_FILE = ToDoey/Info.plist;
				LD_RUNPATH_SEARCH_PATHS = (
					"$(inherited)",
					"@executable_path/Frameworks",
				);
				PRODUCT_BUNDLE_IDENTIFIER = com.nguyenduchuy.ToDoey;
				PRODUCT_NAME = "$(TARGET_NAME)";
				SWIFT_VERSION = 5.0;
				TARGETED_DEVICE_FAMILY = "1,2";
			};
			name = Debug;
		};
		BFDB7F8924E2C1F400233FFB /* Release */ = {
			isa = XCBuildConfiguration;
			buildSettings = {
				ASSETCATALOG_COMPILER_APPICON_NAME = AppIcon;
				CODE_SIGN_STYLE = Automatic;
				DEVELOPMENT_TEAM = 3T378Z6AC6;
				INFOPLIST_FILE = ToDoey/Info.plist;
				LD_RUNPATH_SEARCH_PATHS = (
					"$(inherited)",
					"@executable_path/Frameworks",
				);
				PRODUCT_BUNDLE_IDENTIFIER = com.nguyenduchuy.ToDoey;
				PRODUCT_NAME = "$(TARGET_NAME)";
				SWIFT_VERSION = 5.0;
				TARGETED_DEVICE_FAMILY = "1,2";
			};
			name = Release;
		};
/* End XCBuildConfiguration section */

/* Begin XCConfigurationList section */
		BFDB7F6E24E2C1F300233FFB /* Build configuration list for PBXProject "ToDoey" */ = {
			isa = XCConfigurationList;
			buildConfigurations = (
				BFDB7F8524E2C1F400233FFB /* Debug */,
				BFDB7F8624E2C1F400233FFB /* Release */,
			);
			defaultConfigurationIsVisible = 0;
			defaultConfigurationName = Release;
		};
		BFDB7F8724E2C1F400233FFB /* Build configuration list for PBXNativeTarget "ToDoey" */ = {
			isa = XCConfigurationList;
			buildConfigurations = (
				BFDB7F8824E2C1F400233FFB /* Debug */,
				BFDB7F8924E2C1F400233FFB /* Release */,
			);
			defaultConfigurationIsVisible = 0;
			defaultConfigurationName = Release;
		};
/* End XCConfigurationList section */
	};
	rootObject = BFDB7F6B24E2C1F300233FFB /* Project object */;
}
